
Microsoft Visual Studio Solution File, Format Version 12.00
# Visual Studio 15
VisualStudioVersion = 15.0.26430.14
MinimumVisualStudioVersion = 10.0.40219.1
Project("{FAE04EC0-301F-11D3-BF4B-00C04F79EFBC}") = "ShapeDemo", "Shapes\ShapeDemo.csproj", "{801803BB-E7B9-40C8-8E6F-6289C7559B24}"
EndProject
Project("{FAE04EC0-301F-11D3-BF4B-00C04F79EFBC}") = "ConsoleApplication.Shapes", "ConsoleApplication.Shapes\ConsoleApplication.Shapes.csproj", "{736F4A81-9D92-4519-837D-544B72954DAA}"
EndProject
Project("{FAE04EC0-301F-11D3-BF4B-00C04F79EFBC}") = "demoShapes", "demoShapes\demoShapes.csproj", "{77D59859-62B8-4321-A9E1-4F06F8C7EF90}"
EndProject
Global
	GlobalSection(SolutionConfigurationPlatforms) = preSolution
		Debug|Any CPU = Debug|Any CPU
		Release|Any CPU = Release|Any CPU
	EndGlobalSection
	GlobalSection(ProjectConfigurationPlatforms) = postSolution
		{801803BB-E7B9-40C8-8E6F-6289C7559B24}.Debug|Any CPU.ActiveCfg = Debug|Any CPU
		{801803BB-E7B9-40C8-8E6F-6289C7559B24}.Debug|Any CPU.Build.0 = Debug|Any CPU
		{801803BB-E7B9-40C8-8E6F-6289C7559B24}.Release|Any CPU.ActiveCfg = Release|Any CPU
		{801803BB-E7B9-40C8-8E6F-6289C7559B24}.Release|Any CPU.Build.0 = Release|Any CPU
		{736F4A81-9D92-4519-837D-544B72954DAA}.Debug|Any CPU.ActiveCfg = Debug|Any CPU
		{736F4A81-9D92-4519-837D-544B72954DAA}.Debug|Any CPU.Build.0 = Debug|Any CPU
		{736F4A81-9D92-4519-837D-544B72954DAA}.Release|Any CPU.ActiveCfg = Release|Any CPU
		{736F4A81-9D92-4519-837D-544B72954DAA}.Release|Any CPU.Build.0 = Release|Any CPU
		{77D59859-62B8-4321-A9E1-4F06F8C7EF90}.Debug|Any CPU.ActiveCfg = Debug|Any CPU
		{77D59859-62B8-4321-A9E1-4F06F8C7EF90}.Debug|Any CPU.Build.0 = Debug|Any CPU
		{77D59859-62B8-4321-A9E1-4F06F8C7EF90}.Release|Any CPU.ActiveCfg = Release|Any CPU
		{77D59859-62B8-4321-A9E1-4F06F8C7EF90}.Release|Any CPU.Build.0 = Release|Any CPU
	EndGlobalSection
	GlobalSection(SolutionProperties) = preSolution
		HideSolutionNode = FALSE
	EndGlobalSection
EndGlobal
